{
  "name": "photoswipe",
  "lockfileVersion": 2,
  "requires": true,
  "packages": {
    "": {
      "dependencies": {
        "photoswipe": "github:dimsemenov/photoswipe#v5-beta"
      }
    },
    "node_modules/photoswipe": {
      "version": "5.1.3",
      "resolved": "git+ssh://git@github.com/dimsemenov/photoswipe.git#56829d9d3e7c7e020317cb9f2a64f0507e9c5ea5",
      "license": "MIT",
      "engines": {
        "node": ">= 0.12.0"
      }
    }
  },
  "dependencies": {
    "photoswipe": {
      "version": "git+ssh://git@github.com/dimsemenov/photoswipe.git#56829d9d3e7c7e020317cb9f2a64f0507e9c5ea5",
      "from": "photoswipe@git://github.com/dimsemenov/photoswipe#v5-beta"
    }
  }
}
